// !$*UTF8*$!
{
	archiveVersion = 1;
	classes = {
	};
	objectVersion = 46;
	objects = {

/* Begin PBXBuildFile section */
		ABD9FED01F28E34E0059B588 /* main.m in Sources */ = {isa = PBXBuildFile; fileRef = ABD9FECF1F28E34E0059B588 /* main.m */; };
		ABD9FEDB1F28E34E0059B588 /* Assets.xcassets in Resources */ = {isa = PBXBuildFile; fileRef = ABD9FEDA1F28E34E0059B588 /* Assets.xcassets */; };
		ABD9FEDE1F28E34E0059B588 /* LaunchScreen.storyboard in Resources */ = {isa = PBXBuildFile; fileRef = ABD9FEDC1F28E34E0059B588 /* LaunchScreen.storyboard */; };
		ABD9FEEC1F28E3E00059B588 /* AppDelegate.m in Sources */ = {isa = PBXBuildFile; fileRef = ABD9FEE61F28E3E00059B588 /* AppDelegate.m */; };
		ABD9FEED1F28E3E00059B588 /* CLNCoolViewCell.m in Sources */ = {isa = PBXBuildFile; fileRef = ABD9FEE81F28E3E00059B588 /* CLNCoolViewCell.m */; };
		ABD9FEEE1F28E3E00059B588 /* CLNCoolViewController.m in Sources */ = {isa = PBXBuildFile; fileRef = ABD9FEEA1F28E3E00059B588 /* CLNCoolViewController.m */; };
		ABD9FEEF1F28E3E00059B588 /* CoolStuff.xib in Resources */ = {isa = PBXBuildFile; fileRef = ABD9FEEB1F28E3E00059B588 /* CoolStuff.xib */; };
/* End PBXBuildFile section */

/* Begin PBXFileReference section */
		ABD9FECB1F28E34E0059B588 /* Coolness2.app */ = {isa = PBXFileReference; explicitFileType = wrapper.application; includeInIndex = 0; path = Coolness2.app; sourceTree = BUILT_PRODUCTS_DIR; };
		ABD9FECF1F28E34E0059B588 /* main.m */ = {isa = PBXFileReference; lastKnownFileType = sourcecode.c.objc; path = main.m; sourceTree = "<group>"; };
		ABD9FEDA1F28E34E0059B588 /* Assets.xcassets */ = {isa = PBXFileReference; lastKnownFileType = folder.assetcatalog; path = Assets.xcassets; sourceTree = "<group>"; };
		ABD9FEDD1F28E34E0059B588 /* Base */ = {isa = PBXFileReference; lastKnownFileType = file.storyboard; name = Base; path = Base.lproj/LaunchScreen.storyboard; sourceTree = "<group>"; };
		ABD9FEDF1F28E34E0059B588 /* Info.plist */ = {isa = PBXFileReference; lastKnownFileType = text.plist.xml; path = Info.plist; sourceTree = "<group>"; };
		ABD9FEE51F28E3E00059B588 /* AppDelegate.h */ = {isa = PBXFileReference; fileEncoding = 4; lastKnownFileType = sourcecode.c.h; path = AppDelegate.h; sourceTree = "<group>"; };
		ABD9FEE61F28E3E00059B588 /* AppDelegate.m */ = {isa = PBXFileReference; fileEncoding = 4; lastKnownFileType = sourcecode.c.objc; path = AppDelegate.m; sourceTree = "<group>"; };
		ABD9FEE71F28E3E00059B588 /* CLNCoolViewCell.h */ = {isa = PBXFileReference; fileEncoding = 4; lastKnownFileType = sourcecode.c.h; path = CLNCoolViewCell.h; sourceTree = "<group>"; };
		ABD9FEE81F28E3E00059B588 /* CLNCoolViewCell.m */ = {isa = PBXFileReference; fileEncoding = 4; lastKnownFileType = sourcecode.c.objc; path = CLNCoolViewCell.m; sourceTree = "<group>"; };
		ABD9FEE91F28E3E00059B588 /* CLNCoolViewController.h */ = {isa = PBXFileReference; fileEncoding = 4; lastKnownFileType = sourcecode.c.h; path = CLNCoolViewController.h; sourceTree = "<group>"; };
		ABD9FEEA1F28E3E00059B588 /* CLNCoolViewController.m */ = {isa = PBXFileReference; fileEncoding = 4; lastKnownFileType = sourcecode.c.objc; path = CLNCoolViewController.m; sourceTree = "<group>"; };
		ABD9FEEB1F28E3E00059B588 /* CoolStuff.xib */ = {isa = PBXFileReference; fileEncoding = 4; lastKnownFileType = file.xib; path = CoolStuff.xib; sourceTree = "<group>"; };
/* End PBXFileReference section */

/* Begin PBXFrameworksBuildPhase section */
		ABD9FEC81F28E34E0059B588 /* Frameworks */ = {
			isa = PBXFrameworksBuildPhase;
			buildActionMask = 2147483647;
			files = (
			);
			runOnlyForDeploymentPostprocessing = 0;
		};
/* End PBXFrameworksBuildPhase section */

/* Begin PBXGroup section */
		ABD9FEC21F28E34E0059B588 = {
			isa = PBXGroup;
			children = (
				ABD9FECD1F28E34E0059B588 /* Coolness2 */,
				ABD9FECC1F28E34E0059B588 /* Products */,
			);
			sourceTree = "<group>";
		};
		ABD9FECC1F28E34E0059B588 /* Products */ = {
			isa = PBXGroup;
			children = (
				ABD9FECB1F28E34E0059B588 /* Coolness2.app */,
			);
			name = Products;
			sourceTree = "<group>";
		};
		ABD9FECD1F28E34E0059B588 /* Coolness2 */ = {
			isa = PBXGroup;
			children = (
				ABD9FEE51F28E3E00059B588 /* AppDelegate.h */,
				ABD9FEE61F28E3E00059B588 /* AppDelegate.m */,
				ABD9FEE71F28E3E00059B588 /* CLNCoolViewCell.h */,
				ABD9FEE81F28E3E00059B588 /* CLNCoolViewCell.m */,
				ABD9FEE91F28E3E00059B588 /* CLNCoolViewController.h */,
				ABD9FEEA1F28E3E00059B588 /* CLNCoolViewController.m */,
				ABD9FEEB1F28E3E00059B588 /* CoolStuff.xib */,
				ABD9FEDA1F28E34E0059B588 /* Assets.xcassets */,
				ABD9FEDC1F28E34E0059B588 /* LaunchScreen.storyboard */,
				ABD9FEDF1F28E34E0059B588 /* Info.plist */,
				ABD9FECE1F28E34E0059B588 /* Supporting Files */,
			);
			path = Coolness2;
			sourceTree = "<group>";
		};
		ABD9FECE1F28E34E0059B588 /* Supporting Files */ = {
			isa = PBXGroup;
			children = (
				ABD9FECF1F28E34E0059B588 /* main.m */,
			);
			name = "Supporting Files";
			sourceTree = "<group>";
		};
/* End PBXGroup section */

/* Begin PBXNativeTarget section */
		ABD9FECA1F28E34E0059B588 /* Coolness2 */ = {
			isa = PBXNativeTarget;
			buildConfigurationList = ABD9FEE21F28E34E0059B588 /* Build configuration list for PBXNativeTarget "Coolness2" */;
			buildPhases = (
				ABD9FEC71F28E34E0059B588 /* Sources */,
				ABD9FEC81F28E34E0059B588 /* Frameworks */,
				ABD9FEC91F28E34E0059B588 /* Resources */,
			);
			buildRules = (
			);
			dependencies = (
			);
			name = Coolness2;
			productName = Coolness2;
			productReference = ABD9FECB1F28E34E0059B588 /* Coolness2.app */;
			productType = "com.apple.product-type.application";
		};
/* End PBXNativeTarget section */

/* Begin PBXProject section */
		ABD9FEC31F28E34E0059B588 /* Project object */ = {
			isa = PBXProject;
			attributes = {
				LastUpgradeCheck = 0830;
				ORGANIZATIONNAME = "About Objects";
				TargetAttributes = {
					ABD9FECA1F28E34E0059B588 = {
						CreatedOnToolsVersion = 8.3.3;
						DevelopmentTeam = 7J7LD9SB6Q;
						ProvisioningStyle = Automatic;
					};
				};
			};
			buildConfigurationList = ABD9FEC61F28E34E0059B588 /* Build configuration list for PBXProject "Coolness2" */;
			compatibilityVersion = "Xcode 3.2";
			developmentRegion = English;
			hasScannedForEncodings = 0;
			knownRegions = (
				en,
				Base,
			);
			mainGroup = ABD9FEC21F28E34E0059B588;
			productRefGroup = ABD9FECC1F28E34E0059B588 /* Products */;
			projectDirPath = "";
			projectRoot = "";
			targets = (
				ABD9FECA1F28E34E0059B588 /* Coolness2 */,
			);
		};
/* End PBXProject section */

/* Begin PBXResourcesBuildPhase section */
		ABD9FEC91F28E34E0059B588 /* Resources */ = {
			isa = PBXResourcesBuildPhase;
			buildActionMask = 2147483647;
			files = (
				ABD9FEDE1F28E34E0059B588 /* LaunchScreen.storyboard in Resources */,
				ABD9FEEF1F28E3E00059B588 /* CoolStuff.xib in Resources */,
				ABD9FEDB1F28E34E0059B588 /* Assets.xcassets in Resources */,
			);
			runOnlyForDeploymentPostprocessing = 0;
		};
/* End PBXResourcesBuildPhase section */

/* Begin PBXSourcesBuildPhase section */
		ABD9FEC71F28E34E0059B588 /* Sources */ = {
			isa = PBXSourcesBuildPhase;
			buildActionMask = 2147483647;
			files = (
				ABD9FEEC1F28E3E00059B588 /* AppDelegate.m in Sources */,
				ABD9FEED1F28E3E00059B588 /* CLNCoolViewCell.m in Sources */,
				ABD9FED01F28E34E0059B588 /* main.m in Sources */,
				ABD9FEEE1F28E3E00059B588 /* CLNCoolViewController.m in Sources */,
			);
			runOnlyForDeploymentPostprocessing = 0;
		};
/* End PBXSourcesBuildPhase section */

/* Begin PBXVariantGroup section */
		ABD9FEDC1F28E34E0059B588 /* LaunchScreen.storyboard */ = {
			isa = PBXVariantGroup;
			children = (
				ABD9FEDD1F28E34E0059B588 /* Base */,
			);
			name = LaunchScreen.storyboard;
			sourceTree = "<group>";
		};
/* End PBXVariantGroup section */

/* Begin XCBuildConfiguration section */
		ABD9FEE01F28E34E0059B588 /* Debug */ = {
			isa = XCBuildConfiguration;
			buildSettings = {
				ALWAYS_SEARCH_USER_PATHS = NO;
				CLANG_ANALYZER_NONNULL = YES;
				CLANG_ANALYZER_NUMBER_OBJECT_CONVERSION = YES_AGGRESSIVE;
				CLANG_CXX_LANGUAGE_STANDARD = "gnu++0x";
				CLANG_CXX_LIBRARY = "libc++";
				CLANG_ENABLE_MODULES = YES;
				CLANG_ENABLE_OBJC_ARC = YES;
				CLANG_WARN_BOOL_CONVERSION = YES;
				CLANG_WARN_CONSTANT_CONVERSION = YES;
				CLANG_WARN_DIRECT_OBJC_ISA_USAGE = YES_ERROR;
				CLANG_WARN_DOCUMENTATION_COMMENTS = YES;
				CLANG_WARN_EMPTY_BODY = YES;
				CLANG_WARN_ENUM_CONVERSION = YES;
				CLANG_WARN_INFINITE_RECURSION = YES;
				CLANG_WARN_INT_CONVERSION = YES;
				CLANG_WARN_OBJC_ROOT_CLASS = YES_ERROR;
				CLANG_WARN_SUSPICIOUS_MOVE = YES;
				CLANG_WARN_UNREACHABLE_CODE = YES;
				CLANG_WARN__DUPLICATE_METHOD_MATCH = YES;
				"CODE_SIGN_IDENTITY[sdk=iphoneos*]" = "iPhone Developer";
				COPY_PHASE_STRIP = NO;
				DEBUG_INFORMATION_FORMAT = dwarf;
				ENABLE_STRICT_OBJC_MSGSEND = YES;
				ENABLE_TESTABILITY = YES;
				GCC_C_LANGUAGE_STANDARD = gnu99;
				GCC_DYNAMIC_NO_PIC = NO;
				GCC_NO_COMMON_BLOCKS = YES;
				GCC_OPTIMIZATION_LEVEL = 0;
				GCC_PREPROCESSOR_DEFINITIONS = (
					"DEBUG=1",
					"$(inherited)",
				);
				GCC_WARN_64_TO_32_BIT_CONVERSION = YES;
				GCC_WARN_ABOUT_RETURN_TYPE = YES_ERROR;
				GCC_WARN_UNDECLARED_SELECTOR = YES;
				GCC_WARN_UNINITIALIZED_AUTOS = YES_AGGRESSIVE;
				GCC_WARN_UNUSED_FUNCTION = YES;
				GCC_WARN_UNUSED_VARIABLE = YES;
				IPHONEOS_DEPLOYMENT_TARGET = 10.3;
				MTL_ENABLE_DEBUG_INFO = YES;
				ONLY_ACTIVE_ARCH = YES;
				SDKROOT = iphoneos;
			};
			name = Debug;
		};
		ABD9FEE11F28E34E0059B588 /* Release */ = {
			isa = XCBuildConfiguration;
			buildSettings = {
				ALWAYS_SEARCH_USER_PATHS = NO;
				CLANG_ANALYZER_NONNULL = YES;
				CLANG_ANALYZER_NUMBER_OBJECT_CONVERSION = YES_AGGRESSIVE;
				CLANG_CXX_LANGUAGE_STANDARD = "gnu++0x";
				CLANG_CXX_LIBRARY = "libc++";
				CLANG_ENABLE_MODULES = YES;
				CLANG_ENABLE_OBJC_ARC = YES;
				CLANG_WARN_BOOL_CONVERSION = YES;
				CLANG_WARN_CONSTANT_CONVERSION = YES;
				CLANG_WARN_DIRECT_OBJC_ISA_USAGE = YES_ERROR;
				CLANG_WARN_DOCUMENTATION_COMMENTS = YES;
				CLANG_WARN_EMPTY_BODY = YES;
				CLANG_WARN_ENUM_CONVERSION = YES;
				CLANG_WARN_INFINITE_RECURSION = YES;
				CLANG_WARN_INT_CONVERSION = YES;
				CLANG_WARN_OBJC_ROOT_CLASS = YES_ERROR;
				CLANG_WARN_SUSPICIOUS_MOVE = YES;
				CLANG_WARN_UNREACHABLE_CODE = YES;
				CLANG_WARN__DUPLICATE_METHOD_MATCH = YES;
				"CODE_SIGN_IDENTITY[sdk=iphoneos*]" = "iPhone Developer";
				COPY_PHASE_STRIP = NO;
				DEBUG_INFORMATION_FORMAT = "dwarf-with-dsym";
				ENABLE_NS_ASSERTIONS = NO;
				ENABLE_STRICT_OBJC_MSGSEND = YES;
				GCC_C_LANGUAGE_STANDARD = gnu99;
				GCC_NO_COMMON_BLOCKS = YES;
				GCC_WARN_64_TO_32_BIT_CONVERSION = YES;
				GCC_WARN_ABOUT_RETURN_TYPE = YES_ERROR;
				GCC_WARN_UNDECLARED_SELECTOR = YES;
				GCC_WARN_UNINITIALIZED_AUTOS = YES_AGGRESSIVE;
				GCC_WARN_UNUSED_FUNCTION = YES;
				GCC_WARN_UNUSED_VARIABLE = YES;
				IPHONEOS_DEPLOYMENT_TARGET = 10.3;
				MTL_ENABLE_DEBUG_INFO = NO;
				SDKROOT = iphoneos;
				VALIDATE_PRODUCT = YES;
			};
			name = Release;
		};
		ABD9FEE31F28E34E0059B588 /* Debug */ = {
			isa = XCBuildConfiguration;
			buildSettings = {
				ASSETCATALOG_COMPILER_APPICON_NAME = AppIcon;
				DEVELOPMENT_TEAM = 7J7LD9SB6Q;
				INFOPLIST_FILE = Coolness2/Info.plist;
				LD_RUNPATH_SEARCH_PATHS = "$(inherited) @executable_path/Frameworks";
				PRODUCT_BUNDLE_IDENTIFIER = com.aboutobjects.Coolness2;
				PRODUCT_NAME = "$(TARGET_NAME)";
			};
			name = Debug;
		};
		ABD9FEE41F28E34E0059B588 /* Release */ = {
			isa = XCBuildConfiguration;
			buildSettings = {
				ASSETCATALOG_COMPILER_APPICON_NAME = AppIcon;
				DEVELOPMENT_TEAM = 7J7LD9SB6Q;
				INFOPLIST_FILE = Coolness2/Info.plist;
				LD_RUNPATH_SEARCH_PATHS = "$(inherited) @executable_path/Frameworks";
				PRODUCT_BUNDLE_IDENTIFIER = com.aboutobjects.Coolness2;
				PRODUCT_NAME = "$(TARGET_NAME)";
			};
			name = Release;
		};
/* End XCBuildConfiguration section */

/* Begin XCConfigurationList section */
		ABD9FEC61F28E34E0059B588 /* Build configuration list for PBXProject "Coolness2" */ = {
			isa = XCConfigurationList;
			buildConfigurations = (
				ABD9FEE01F28E34E0059B588 /* Debug */,
				ABD9FEE11F28E34E0059B588 /* Release */,
			);
			defaultConfigurationIsVisible = 0;
			defaultConfigurationName = Release;
		};
		ABD9FEE21F28E34E0059B588 /* Build configuration list for PBXNativeTarget "Coolness2" */ = {
			isa = XCConfigurationList;
			buildConfigurations = (
				ABD9FEE31F28E34E0059B588 /* Debug */,
				ABD9FEE41F28E34E0059B588 /* Release */,
			);
			defaultConfigurationIsVisible = 0;
		};
/* End XCConfigurationList section */
	};
	rootObject = ABD9FEC31F28E34E0059B588 /* Project object */;
}
